Microsoft Visual Studio Solution File, Format Version 12.00
# Visual Studio Version 18
VisualStudioVersion = 18.6.11723.189
MinimumVisualStudioVersion = 10.0.40219.1
Project("{2150E333-8FDC-42A3-9474-1A3956D46DE8}") = "Core", "Core", "{B2B2B2B2-B2B2-B2B2-B2B2-B2B2B2B2B2B2}"
EndProject
Project("{2150E333-8FDC-42A3-9474-1A3956D46DE8}") = "Infrastructure", "Infrastructure", "{C3C3C3C3-C3C3-C3C3-C3C3-C3C3C3C3C3C3}"
EndProject
Project("{2150E333-8FDC-42A3-9474-1A3956D46DE8}") = "Presentation", "Presentation", "{D4D4D4D4-D4D4-D4D4-D4D4-D4D4D4D4D4D4}"
EndProject
Project("{2150E333-8FDC-42A3-9474-1A3956D46DE8}") = "Tests", "Tests", "{E5E5E5E5-E5E5-E5E5-E5E5-E5E5E5E5E5E5}"
EndProject
Project("{2150E333-8FDC-42A3-9474-1A3956D46DE8}") = "Data", "Data", "{2A3323E6-F07E-4299-9EF1-0CD6008D3242}"
	ProjectSection(SolutionItems) = preProject
		APR_Analysis.mdf = APR_Analysis.mdf
		APR_Analysis_log.ldf = APR_Analysis_log.ldf
		ER-diagram.png = ER-diagram.png
	EndProjectSection
EndProject
Project("{FAE04EC0-301F-11D3-BF4B-00C04F79EFBC}") = "APRC.Core.AppService", "Core\APRC.Core.AppService\APRC.Core.AppService.csproj", "{E103F455-5A33-AAA9-3378-68E5CA8C0C4E}"
EndProject
Project("{FAE04EC0-301F-11D3-BF4B-00C04F79EFBC}") = "APRC.Infrastructure", "Infrastructure\APRC.Infrastructure\APRC.Infrastructure.csproj", "{9FB85B95-EC41-92C0-CB30-DB60C1543FC6}"
EndProject
Project("{FAE04EC0-301F-11D3-BF4B-00C04F79EFBC}") = "APRC.Presentation.API", "Presentation\APR.API\APRC.Presentation.API.csproj", "{D2F5DEA6-E533-2695-A952-9E1A8BCB77D2}"
EndProject
Project("{FAE04EC0-301F-11D3-BF4B-00C04F79EFBC}") = "APRC.Tests.Domain", "Tests\APRC.Tests.Domain\APRC.Tests.Domain.csproj", "{8BBA74C0-997B-2BB3-D43B-DDD9325F955C}"
EndProject
Project("{FAE04EC0-301F-11D3-BF4B-00C04F79EFBC}") = "APRC.Core.SharedKernel.Abstractions", "Core\APRC.Core.SharedKernel.Abstractions\APRC.Core.SharedKernel.Abstractions.csproj", "{B264357E-CE0B-7EE2-FD00-DA2B010E95E2}"
EndProject
Project("{FAE04EC0-301F-11D3-BF4B-00C04F79EFBC}") = "APRC.Core.Domain.Service", "Core\APRC.Core.Domain.Service\APRC.Core.Domain.Service.csproj", "{15810F28-AD07-443C-B6DD-CB2075F490E9}"
EndProject
Project("{FAE04EC0-301F-11D3-BF4B-00C04F79EFBC}") = "APRC.Core.Domain.Model", "Core\APRC.Core.Domain.Model\APRC.Core.Domain.Model.csproj", "{6E061F2A-7AEF-6D17-BD15-301F69CE539F}"
EndProject
Global
	GlobalSection(SolutionConfigurationPlatforms) = preSolution
		Debug|Any CPU = Debug|Any CPU
		Release|Any CPU = Release|Any CPU
	EndGlobalSection
	GlobalSection(ProjectConfigurationPlatforms) = postSolution
		{E103F455-5A33-AAA9-3378-68E5CA8C0C4E}.Debug|Any CPU.ActiveCfg = Debug|Any CPU
		{E103F455-5A33-AAA9-3378-68E5CA8C0C4E}.Debug|Any CPU.Build.0 = Debug|Any CPU
		{E103F455-5A33-AAA9-3378-68E5CA8C0C4E}.Release|Any CPU.ActiveCfg = Release|Any CPU
		{E103F455-5A33-AAA9-3378-68E5CA8C0C4E}.Release|Any CPU.Build.0 = Release|Any CPU
		{9FB85B95-EC41-92C0-CB30-DB60C1543FC6}.Debug|Any CPU.ActiveCfg = Debug|Any CPU
		{9FB85B95-EC41-92C0-CB30-DB60C1543FC6}.Debug|Any CPU.Build.0 = Debug|Any CPU
		{9FB85B95-EC41-92C0-CB30-DB60C1543FC6}.Release|Any CPU.ActiveCfg = Release|Any CPU
		{9FB85B95-EC41-92C0-CB30-DB60C1543FC6}.Release|Any CPU.Build.0 = Release|Any CPU
		{D2F5DEA6-E533-2695-A952-9E1A8BCB77D2}.Debug|Any CPU.ActiveCfg = Debug|Any CPU
		{D2F5DEA6-E533-2695-A952-9E1A8BCB77D2}.Debug|Any CPU.Build.0 = Debug|Any CPU
		{D2F5DEA6-E533-2695-A952-9E1A8BCB77D2}.Release|Any CPU.ActiveCfg = Release|Any CPU
		{D2F5DEA6-E533-2695-A952-9E1A8BCB77D2}.Release|Any CPU.Build.0 = Release|Any CPU
		{8BBA74C0-997B-2BB3-D43B-DDD9325F955C}.Debug|Any CPU.ActiveCfg = Debug|Any CPU
		{8BBA74C0-997B-2BB3-D43B-DDD9325F955C}.Debug|Any CPU.Build.0 = Debug|Any CPU
		{8BBA74C0-997B-2BB3-D43B-DDD9325F955C}.Release|Any CPU.ActiveCfg = Release|Any CPU
		{8BBA74C0-997B-2BB3-D43B-DDD9325F955C}.Release|Any CPU.Build.0 = Release|Any CPU
		{B264357E-CE0B-7EE2-FD00-DA2B010E95E2}.Debug|Any CPU.ActiveCfg = Debug|Any CPU
		{B264357E-CE0B-7EE2-FD00-DA2B010E95E2}.Debug|Any CPU.Build.0 = Debug|Any CPU
		{B264357E-CE0B-7EE2-FD00-DA2B010E95E2}.Release|Any CPU.ActiveCfg = Release|Any CPU
		{B264357E-CE0B-7EE2-FD00-DA2B010E95E2}.Release|Any CPU.Build.0 = Release|Any CPU
		{15810F28-AD07-443C-B6DD-CB2075F490E9}.Debug|Any CPU.ActiveCfg = Debug|Any CPU
		{15810F28-AD07-443C-B6DD-CB2075F490E9}.Debug|Any CPU.Build.0 = Debug|Any CPU
		{15810F28-AD07-443C-B6DD-CB2075F490E9}.Release|Any CPU.ActiveCfg = Release|Any CPU
		{15810F28-AD07-443C-B6DD-CB2075F490E9}.Release|Any CPU.Build.0 = Release|Any CPU
		{6E061F2A-7AEF-6D17-BD15-301F69CE539F}.Debug|Any CPU.ActiveCfg = Debug|Any CPU
		{6E061F2A-7AEF-6D17-BD15-301F69CE539F}.Debug|Any CPU.Build.0 = Debug|Any CPU
		{6E061F2A-7AEF-6D17-BD15-301F69CE539F}.Release|Any CPU.ActiveCfg = Release|Any CPU
		{6E061F2A-7AEF-6D17-BD15-301F69CE539F}.Release|Any CPU.Build.0 = Release|Any CPU
	EndGlobalSection
	GlobalSection(SolutionProperties) = preSolution
		HideSolutionNode = FALSE
	EndGlobalSection
	GlobalSection(NestedProjects) = preSolution
		{E103F455-5A33-AAA9-3378-68E5CA8C0C4E} = {B2B2B2B2-B2B2-B2B2-B2B2-B2B2B2B2B2B2}
		{9FB85B95-EC41-92C0-CB30-DB60C1543FC6} = {C3C3C3C3-C3C3-C3C3-C3C3-C3C3C3C3C3C3}
		{D2F5DEA6-E533-2695-A952-9E1A8BCB77D2} = {D4D4D4D4-D4D4-D4D4-D4D4-D4D4D4D4D4D4}
		{8BBA74C0-997B-2BB3-D43B-DDD9325F955C} = {E5E5E5E5-E5E5-E5E5-E5E5-E5E5E5E5E5E5}
		{B264357E-CE0B-7EE2-FD00-DA2B010E95E2} = {B2B2B2B2-B2B2-B2B2-B2B2-B2B2B2B2B2B2}
		{15810F28-AD07-443C-B6DD-CB2075F490E9} = {B2B2B2B2-B2B2-B2B2-B2B2-B2B2B2B2B2B2}
		{6E061F2A-7AEF-6D17-BD15-301F69CE539F} = {B2B2B2B2-B2B2-B2B2-B2B2-B2B2B2B2B2B2}
	EndGlobalSection
	GlobalSection(ExtensibilityGlobals) = postSolution
		SolutionGuid = {1433609E-CD7E-4FC2-B65E-DFBAB103B92C}
	EndGlobalSection
EndGlobal
