Microsoft Visual Studio Solution File, Format Version 12.00
# Visual Studio Version 18
VisualStudioVersion = 18.6.11723.189 insiders
MinimumVisualStudioVersion = 10.0.40219.1
Project("{FAE04EC0-301F-11D3-BF4B-00C04F79EFBC}") = "APRC.Domain.Model", "src\Core\APRComparator.Domain\APRC.Domain.Model.csproj", "{11111111-1111-1111-1111-111111111111}"
EndProject
Project("{FAE04EC0-301F-11D3-BF4B-00C04F79EFBC}") = "APRC.Application", "src\Core\APRComparator.Application\APRC.Application.csproj", "{22222222-2222-2222-2222-222222222222}"
EndProject
Project("{FAE04EC0-301F-11D3-BF4B-00C04F79EFBC}") = "APRC.Infrastructure", "src\Infrastructure\APRComparator.Infrastructure\APRC.Infrastructure.csproj", "{33333333-3333-3333-3333-333333333333}"
EndProject
Project("{FAE04EC0-301F-11D3-BF4B-00C04F79EFBC}") = "APRC.API", "src\Presentation\APRComparator.API\APRC.API.csproj", "{44444444-4444-4444-4444-444444444444}"
EndProject
Project("{FAE04EC0-301F-11D3-BF4B-00C04F79EFBC}") = "APRC.Tests.Domain", "tests\APRComparator.Domain.Tests\APRC.Tests.Domain.csproj", "{55555555-5555-5555-5555-555555555555}"
EndProject
Project("{2150E333-8FDC-42A3-9474-1A3956D46DE8}") = "Src", "Src", "{A1A1A1A1-A1A1-A1A1-A1A1-A1A1A1A1A1A1}"
EndProject
Project("{2150E333-8FDC-42A3-9474-1A3956D46DE8}") = "Core", "Core", "{B2B2B2B2-B2B2-B2B2-B2B2-B2B2B2B2B2B2}"
EndProject
Project("{2150E333-8FDC-42A3-9474-1A3956D46DE8}") = "Infrastructure", "Infrastructure", "{C3C3C3C3-C3C3-C3C3-C3C3-C3C3C3C3C3C3}"
EndProject
Project("{2150E333-8FDC-42A3-9474-1A3956D46DE8}") = "Presentation", "Presentation", "{D4D4D4D4-D4D4-D4D4-D4D4-D4D4D4D4D4D4}"
EndProject
Project("{2150E333-8FDC-42A3-9474-1A3956D46DE8}") = "Tests", "Tests", "{E5E5E5E5-E5E5-E5E5-E5E5-E5E5E5E5E5E5}"
EndProject
Project("{FAE04EC0-301F-11D3-BF4B-00C04F79EFBC}") = "APRC.Domain.Service", "APRC.Domain.Service\APRC.Domain.Service.csproj", "{4D4E9EE7-13B6-4579-9ADA-2C0A0C313C2D}"
EndProject
Project("{2150E333-8FDC-42A3-9474-1A3956D46DE8}") = "Data", "Data", "{2A3323E6-F07E-4299-9EF1-0CD6008D3242}"
	ProjectSection(SolutionItems) = preProject
		APR_Analysis.mdf = APR_Analysis.mdf
		APR_Analysis_log.ldf = APR_Analysis_log.ldf
		ER-diagram.png = ER-diagram.png
	EndProjectSection
EndProject
Project("{2150E333-8FDC-42A3-9474-1A3956D46DE8}") = "Domain", "Domain", "{66484E1C-AC0E-4C0B-B863-368E0C6DBED6}"
EndProject
Global
	GlobalSection(SolutionConfigurationPlatforms) = preSolution
		Debug|Any CPU = Debug|Any CPU
		Release|Any CPU = Release|Any CPU
	EndGlobalSection
	GlobalSection(ProjectConfigurationPlatforms) = postSolution
		{11111111-1111-1111-1111-111111111111}.Debug|Any CPU.ActiveCfg = Debug|Any CPU
		{11111111-1111-1111-1111-111111111111}.Debug|Any CPU.Build.0 = Debug|Any CPU
		{11111111-1111-1111-1111-111111111111}.Release|Any CPU.ActiveCfg = Release|Any CPU
		{11111111-1111-1111-1111-111111111111}.Release|Any CPU.Build.0 = Release|Any CPU
		{22222222-2222-2222-2222-222222222222}.Debug|Any CPU.ActiveCfg = Debug|Any CPU
		{22222222-2222-2222-2222-222222222222}.Debug|Any CPU.Build.0 = Debug|Any CPU
		{22222222-2222-2222-2222-222222222222}.Release|Any CPU.ActiveCfg = Release|Any CPU
		{22222222-2222-2222-2222-222222222222}.Release|Any CPU.Build.0 = Release|Any CPU
		{33333333-3333-3333-3333-333333333333}.Debug|Any CPU.ActiveCfg = Debug|Any CPU
		{33333333-3333-3333-3333-333333333333}.Debug|Any CPU.Build.0 = Debug|Any CPU
		{33333333-3333-3333-3333-333333333333}.Release|Any CPU.ActiveCfg = Release|Any CPU
		{33333333-3333-3333-3333-333333333333}.Release|Any CPU.Build.0 = Release|Any CPU
		{44444444-4444-4444-4444-444444444444}.Debug|Any CPU.ActiveCfg = Debug|Any CPU
		{44444444-4444-4444-4444-444444444444}.Debug|Any CPU.Build.0 = Debug|Any CPU
		{44444444-4444-4444-4444-444444444444}.Release|Any CPU.ActiveCfg = Release|Any CPU
		{44444444-4444-4444-4444-444444444444}.Release|Any CPU.Build.0 = Release|Any CPU
		{55555555-5555-5555-5555-555555555555}.Debug|Any CPU.ActiveCfg = Debug|Any CPU
		{55555555-5555-5555-5555-555555555555}.Debug|Any CPU.Build.0 = Debug|Any CPU
		{55555555-5555-5555-5555-555555555555}.Release|Any CPU.ActiveCfg = Release|Any CPU
		{55555555-5555-5555-5555-555555555555}.Release|Any CPU.Build.0 = Release|Any CPU
		{4D4E9EE7-13B6-4579-9ADA-2C0A0C313C2D}.Debug|Any CPU.ActiveCfg = Debug|Any CPU
		{4D4E9EE7-13B6-4579-9ADA-2C0A0C313C2D}.Debug|Any CPU.Build.0 = Debug|Any CPU
		{4D4E9EE7-13B6-4579-9ADA-2C0A0C313C2D}.Release|Any CPU.ActiveCfg = Release|Any CPU
		{4D4E9EE7-13B6-4579-9ADA-2C0A0C313C2D}.Release|Any CPU.Build.0 = Release|Any CPU
	EndGlobalSection
	GlobalSection(SolutionProperties) = preSolution
		HideSolutionNode = FALSE
	EndGlobalSection
	GlobalSection(NestedProjects) = preSolution
		{11111111-1111-1111-1111-111111111111} = {B2B2B2B2-B2B2-B2B2-B2B2-B2B2B2B2B2B2}
		{22222222-2222-2222-2222-222222222222} = {B2B2B2B2-B2B2-B2B2-B2B2-B2B2B2B2B2B2}
		{33333333-3333-3333-3333-333333333333} = {C3C3C3C3-C3C3-C3C3-C3C3-C3C3C3C3C3C3}
		{44444444-4444-4444-4444-444444444444} = {D4D4D4D4-D4D4-D4D4-D4D4-D4D4D4D4D4D4}
		{55555555-5555-5555-5555-555555555555} = {66484E1C-AC0E-4C0B-B863-368E0C6DBED6}
		{B2B2B2B2-B2B2-B2B2-B2B2-B2B2B2B2B2B2} = {A1A1A1A1-A1A1-A1A1-A1A1-A1A1A1A1A1A1}
		{C3C3C3C3-C3C3-C3C3-C3C3-C3C3C3C3C3C3} = {A1A1A1A1-A1A1-A1A1-A1A1-A1A1A1A1A1A1}
		{D4D4D4D4-D4D4-D4D4-D4D4-D4D4D4D4D4D4} = {A1A1A1A1-A1A1-A1A1-A1A1-A1A1A1A1A1A1}
		{4D4E9EE7-13B6-4579-9ADA-2C0A0C313C2D} = {B2B2B2B2-B2B2-B2B2-B2B2-B2B2B2B2B2B2}
		{66484E1C-AC0E-4C0B-B863-368E0C6DBED6} = {E5E5E5E5-E5E5-E5E5-E5E5-E5E5E5E5E5E5}
	EndGlobalSection
	GlobalSection(ExtensibilityGlobals) = postSolution
		SolutionGuid = {1433609E-CD7E-4FC2-B65E-DFBAB103B92C}
	EndGlobalSection
EndGlobal
